// !$*UTF8*$!
{
	archiveVersion = 1;
	classes = {
	};
	objectVersion = 50;
	objects = {

/* Begin PBXBuildFile section */
		431012EB210F0B1D0081E3E5 /* FocusView.m in Sources */ = {isa = PBXBuildFile; fileRef = 431012EA210F0B1D0081E3E5 /* FocusView.m */; };
		431398ED2116F9C6007D5FFE /* VideoRecordDelegate.m in Sources */ = {isa = PBXBuildFile; fileRef = 431398EC2116F9C6007D5FFE /* VideoRecordDelegate.m */; };
		431398F02116F9DD007D5FFE /* QRCodeScanDelegate.m in Sources */ = {isa = PBXBuildFile; fileRef = 431398EF2116F9DD007D5FFE /* QRCodeScanDelegate.m */; };
		434332B621006ACA003CBD89 /* AppDelegate.m in Sources */ = {isa = PBXBuildFile; fileRef = 434332B521006ACA003CBD89 /* AppDelegate.m */; };
		434332BC21006ACA003CBD89 /* Main.storyboard in Resources */ = {isa = PBXBuildFile; fileRef = 434332BA21006ACA003CBD89 /* Main.storyboard */; };
		434332BE21006AD4003CBD89 /* Assets.xcassets in Resources */ = {isa = PBXBuildFile; fileRef = 434332BD21006AD4003CBD89 /* Assets.xcassets */; };
		434332C121006AD4003CBD89 /* LaunchScreen.storyboard in Resources */ = {isa = PBXBuildFile; fileRef = 434332BF21006AD4003CBD89 /* LaunchScreen.storyboard */; };
		434332C421006AD4003CBD89 /* main.m in Sources */ = {isa = PBXBuildFile; fileRef = 434332C321006AD4003CBD89 /* main.m */; };
		434332CC21006CAF003CBD89 /* MainViewController.m in Sources */ = {isa = PBXBuildFile; fileRef = 434332CB21006CAF003CBD89 /* MainViewController.m */; };
		434332D221007094003CBD89 /* MarkView.m in Sources */ = {isa = PBXBuildFile; fileRef = 434332D121007094003CBD89 /* MarkView.m */; };
		43601D8A21144C8B0043498B /* PlayerView.m in Sources */ = {isa = PBXBuildFile; fileRef = 43601D8921144C8A0043498B /* PlayerView.m */; };
		4368D0CE210093170061629E /* PhotoButton.m in Sources */ = {isa = PBXBuildFile; fileRef = 4368D0CD210093170061629E /* PhotoButton.m */; };
		4368D0D12100934D0061629E /* VideoButton.m in Sources */ = {isa = PBXBuildFile; fileRef = 4368D0D02100934D0061629E /* VideoButton.m */; };
		4368D0D42100937F0061629E /* RewindButton.m in Sources */ = {isa = PBXBuildFile; fileRef = 4368D0D32100937F0061629E /* RewindButton.m */; };
		4368D0D7210093AD0061629E /* StopButton.m in Sources */ = {isa = PBXBuildFile; fileRef = 4368D0D6210093AD0061629E /* StopButton.m */; };
		43DB9A32210997CA00741EBD /* SaveButton.m in Sources */ = {isa = PBXBuildFile; fileRef = 43DB9A31210997CA00741EBD /* SaveButton.m */; };
		43DD1B632101B1CF00C3D2FA /* CameraViewController.m in Sources */ = {isa = PBXBuildFile; fileRef = 43DD1B622101B1CF00C3D2FA /* CameraViewController.m */; };
		43DD1B662101BA2100C3D2FA /* PhotoCaptureDelegate.m in Sources */ = {isa = PBXBuildFile; fileRef = 43DD1B652101BA2100C3D2FA /* PhotoCaptureDelegate.m */; };
		43DD5ADB210719D800EC1182 /* beep.mp3 in Resources */ = {isa = PBXBuildFile; fileRef = 43DD5ADA210719D800EC1182 /* beep.mp3 */; };
		43DD5ADE21071F9000EC1182 /* ScanView.m in Sources */ = {isa = PBXBuildFile; fileRef = 43DD5ADD21071F9000EC1182 /* ScanView.m */; };
		43FF2D8121041A13004AEFED /* PreviewView.m in Sources */ = {isa = PBXBuildFile; fileRef = 43FF2D8021041A13004AEFED /* PreviewView.m */; };
/* End PBXBuildFile section */

/* Begin PBXFileReference section */
		431012E9210F0B1D0081E3E5 /* FocusView.h */ = {isa = PBXFileReference; lastKnownFileType = sourcecode.c.h; path = FocusView.h; sourceTree = "<group>"; };
		431012EA210F0B1D0081E3E5 /* FocusView.m */ = {isa = PBXFileReference; lastKnownFileType = sourcecode.c.objc; path = FocusView.m; sourceTree = "<group>"; };
		431398EB2116F9C6007D5FFE /* VideoRecordDelegate.h */ = {isa = PBXFileReference; lastKnownFileType = sourcecode.c.h; path = VideoRecordDelegate.h; sourceTree = "<group>"; };
		431398EC2116F9C6007D5FFE /* VideoRecordDelegate.m */ = {isa = PBXFileReference; lastKnownFileType = sourcecode.c.objc; path = VideoRecordDelegate.m; sourceTree = "<group>"; };
		431398EE2116F9DD007D5FFE /* QRCodeScanDelegate.h */ = {isa = PBXFileReference; lastKnownFileType = sourcecode.c.h; path = QRCodeScanDelegate.h; sourceTree = "<group>"; };
		431398EF2116F9DD007D5FFE /* QRCodeScanDelegate.m */ = {isa = PBXFileReference; lastKnownFileType = sourcecode.c.objc; path = QRCodeScanDelegate.m; sourceTree = "<group>"; };
		434332B121006ACA003CBD89 /* CustomCamera.app */ = {isa = PBXFileReference; explicitFileType = wrapper.application; includeInIndex = 0; path = CustomCamera.app; sourceTree = BUILT_PRODUCTS_DIR; };
		434332B421006ACA003CBD89 /* AppDelegate.h */ = {isa = PBXFileReference; lastKnownFileType = sourcecode.c.h; path = AppDelegate.h; sourceTree = "<group>"; };
		434332B521006ACA003CBD89 /* AppDelegate.m */ = {isa = PBXFileReference; lastKnownFileType = sourcecode.c.objc; path = AppDelegate.m; sourceTree = "<group>"; };
		434332BB21006ACA003CBD89 /* Base */ = {isa = PBXFileReference; lastKnownFileType = file.storyboard; name = Base; path = Base.lproj/Main.storyboard; sourceTree = "<group>"; };
		434332BD21006AD4003CBD89 /* Assets.xcassets */ = {isa = PBXFileReference; lastKnownFileType = folder.assetcatalog; path = Assets.xcassets; sourceTree = "<group>"; };
		434332C021006AD4003CBD89 /* Base */ = {isa = PBXFileReference; lastKnownFileType = file.storyboard; name = Base; path = Base.lproj/LaunchScreen.storyboard; sourceTree = "<group>"; };
		434332C221006AD4003CBD89 /* Info.plist */ = {isa = PBXFileReference; lastKnownFileType = text.plist.xml; path = Info.plist; sourceTree = "<group>"; };
		434332C321006AD4003CBD89 /* main.m */ = {isa = PBXFileReference; lastKnownFileType = sourcecode.c.objc; path = main.m; sourceTree = "<group>"; };
		434332CA21006CAF003CBD89 /* MainViewController.h */ = {isa = PBXFileReference; lastKnownFileType = sourcecode.c.h; path = MainViewController.h; sourceTree = "<group>"; };
		434332CB21006CAF003CBD89 /* MainViewController.m */ = {isa = PBXFileReference; lastKnownFileType = sourcecode.c.objc; path = MainViewController.m; sourceTree = "<group>"; };
		434332D021007094003CBD89 /* MarkView.h */ = {isa = PBXFileReference; lastKnownFileType = sourcecode.c.h; path = MarkView.h; sourceTree = "<group>"; };
		434332D121007094003CBD89 /* MarkView.m */ = {isa = PBXFileReference; lastKnownFileType = sourcecode.c.objc; path = MarkView.m; sourceTree = "<group>"; };
		43601D8821144C8A0043498B /* PlayerView.h */ = {isa = PBXFileReference; lastKnownFileType = sourcecode.c.h; path = PlayerView.h; sourceTree = "<group>"; };
		43601D8921144C8A0043498B /* PlayerView.m */ = {isa = PBXFileReference; lastKnownFileType = sourcecode.c.objc; path = PlayerView.m; sourceTree = "<group>"; };
		4368D0CC210093170061629E /* PhotoButton.h */ = {isa = PBXFileReference; lastKnownFileType = sourcecode.c.h; path = PhotoButton.h; sourceTree = "<group>"; };
		4368D0CD210093170061629E /* PhotoButton.m */ = {isa = PBXFileReference; lastKnownFileType = sourcecode.c.objc; path = PhotoButton.m; sourceTree = "<group>"; };
		4368D0CF2100934D0061629E /* VideoButton.h */ = {isa = PBXFileReference; lastKnownFileType = sourcecode.c.h; path = VideoButton.h; sourceTree = "<group>"; };
		4368D0D02100934D0061629E /* VideoButton.m */ = {isa = PBXFileReference; lastKnownFileType = sourcecode.c.objc; path = VideoButton.m; sourceTree = "<group>"; };
		4368D0D22100937F0061629E /* RewindButton.h */ = {isa = PBXFileReference; lastKnownFileType = sourcecode.c.h; path = RewindButton.h; sourceTree = "<group>"; };
		4368D0D32100937F0061629E /* RewindButton.m */ = {isa = PBXFileReference; lastKnownFileType = sourcecode.c.objc; path = RewindButton.m; sourceTree = "<group>"; };
		4368D0D5210093AD0061629E /* StopButton.h */ = {isa = PBXFileReference; lastKnownFileType = sourcecode.c.h; path = StopButton.h; sourceTree = "<group>"; };
		4368D0D6210093AD0061629E /* StopButton.m */ = {isa = PBXFileReference; lastKnownFileType = sourcecode.c.objc; path = StopButton.m; sourceTree = "<group>"; };
		43C26F8A2114852B00869CD1 /* CustomCameraDelegate.h */ = {isa = PBXFileReference; lastKnownFileType = sourcecode.c.h; path = CustomCameraDelegate.h; sourceTree = "<group>"; };
		43DB9A30210997CA00741EBD /* SaveButton.h */ = {isa = PBXFileReference; lastKnownFileType = sourcecode.c.h; path = SaveButton.h; sourceTree = "<group>"; };
		43DB9A31210997CA00741EBD /* SaveButton.m */ = {isa = PBXFileReference; lastKnownFileType = sourcecode.c.objc; path = SaveButton.m; sourceTree = "<group>"; };
		43DD1B612101B1CF00C3D2FA /* CameraViewController.h */ = {isa = PBXFileReference; lastKnownFileType = sourcecode.c.h; path = CameraViewController.h; sourceTree = "<group>"; };
		43DD1B622101B1CF00C3D2FA /* CameraViewController.m */ = {isa = PBXFileReference; lastKnownFileType = sourcecode.c.objc; path = CameraViewController.m; sourceTree = "<group>"; };
		43DD1B642101BA2100C3D2FA /* PhotoCaptureDelegate.h */ = {isa = PBXFileReference; lastKnownFileType = sourcecode.c.h; path = PhotoCaptureDelegate.h; sourceTree = "<group>"; };
		43DD1B652101BA2100C3D2FA /* PhotoCaptureDelegate.m */ = {isa = PBXFileReference; lastKnownFileType = sourcecode.c.objc; path = PhotoCaptureDelegate.m; sourceTree = "<group>"; };
		43DD5ADA210719D800EC1182 /* beep.mp3 */ = {isa = PBXFileReference; lastKnownFileType = audio.mp3; path = beep.mp3; sourceTree = "<group>"; };
		43DD5ADC21071F9000EC1182 /* ScanView.h */ = {isa = PBXFileReference; lastKnownFileType = sourcecode.c.h; path = ScanView.h; sourceTree = "<group>"; };
		43DD5ADD21071F9000EC1182 /* ScanView.m */ = {isa = PBXFileReference; lastKnownFileType = sourcecode.c.objc; path = ScanView.m; sourceTree = "<group>"; };
		43FF2D7F21041A13004AEFED /* PreviewView.h */ = {isa = PBXFileReference; lastKnownFileType = sourcecode.c.h; path = PreviewView.h; sourceTree = "<group>"; };
		43FF2D8021041A13004AEFED /* PreviewView.m */ = {isa = PBXFileReference; lastKnownFileType = sourcecode.c.objc; path = PreviewView.m; sourceTree = "<group>"; };
/* End PBXFileReference section */

/* Begin PBXFrameworksBuildPhase section */
		434332AE21006ACA003CBD89 /* Frameworks */ = {
			isa = PBXFrameworksBuildPhase;
			buildActionMask = 2147483647;
			files = (
			);
			runOnlyForDeploymentPostprocessing = 0;
		};
/* End PBXFrameworksBuildPhase section */

/* Begin PBXGroup section */
		433545D5211941B200CA21DF /* Delegates */ = {
			isa = PBXGroup;
			children = (
				43DD1B642101BA2100C3D2FA /* PhotoCaptureDelegate.h */,
				43DD1B652101BA2100C3D2FA /* PhotoCaptureDelegate.m */,
				431398EB2116F9C6007D5FFE /* VideoRecordDelegate.h */,
				431398EC2116F9C6007D5FFE /* VideoRecordDelegate.m */,
				431398EE2116F9DD007D5FFE /* QRCodeScanDelegate.h */,
				431398EF2116F9DD007D5FFE /* QRCodeScanDelegate.m */,
				43C26F8A2114852B00869CD1 /* CustomCameraDelegate.h */,
			);
			path = Delegates;
			sourceTree = "<group>";
		};
		434332A821006ACA003CBD89 = {
			isa = PBXGroup;
			children = (
				434332B321006ACA003CBD89 /* CustomCamera */,
				434332CD21006F8F003CBD89 /* SupportFile */,
				434332B221006ACA003CBD89 /* Products */,
			);
			sourceTree = "<group>";
		};
		434332B221006ACA003CBD89 /* Products */ = {
			isa = PBXGroup;
			children = (
				434332B121006ACA003CBD89 /* CustomCamera.app */,
			);
			name = Products;
			sourceTree = "<group>";
		};
		434332B321006ACA003CBD89 /* CustomCamera */ = {
			isa = PBXGroup;
			children = (
				434332B421006ACA003CBD89 /* AppDelegate.h */,
				434332B521006ACA003CBD89 /* AppDelegate.m */,
				434332BA21006ACA003CBD89 /* Main.storyboard */,
				434332BD21006AD4003CBD89 /* Assets.xcassets */,
				43DD5ADA210719D800EC1182 /* beep.mp3 */,
				434332C221006AD4003CBD89 /* Info.plist */,
				434332CE2100701A003CBD89 /* Controllers */,
				433545D5211941B200CA21DF /* Delegates */,
				434332CF2100703C003CBD89 /* Views */,
			);
			path = CustomCamera;
			sourceTree = "<group>";
		};
		434332CD21006F8F003CBD89 /* SupportFile */ = {
			isa = PBXGroup;
			children = (
				434332BF21006AD4003CBD89 /* LaunchScreen.storyboard */,
				434332C321006AD4003CBD89 /* main.m */,
			);
			path = SupportFile;
			sourceTree = "<group>";
		};
		434332CE2100701A003CBD89 /* Controllers */ = {
			isa = PBXGroup;
			children = (
				434332CA21006CAF003CBD89 /* MainViewController.h */,
				434332CB21006CAF003CBD89 /* MainViewController.m */,
				43DD1B612101B1CF00C3D2FA /* CameraViewController.h */,
				43DD1B622101B1CF00C3D2FA /* CameraViewController.m */,
			);
			path = Controllers;
			sourceTree = "<group>";
		};
		434332CF2100703C003CBD89 /* Views */ = {
			isa = PBXGroup;
			children = (
				43FF2D7F21041A13004AEFED /* PreviewView.h */,
				43FF2D8021041A13004AEFED /* PreviewView.m */,
				43601D8821144C8A0043498B /* PlayerView.h */,
				43601D8921144C8A0043498B /* PlayerView.m */,
				43DD5ADC21071F9000EC1182 /* ScanView.h */,
				43DD5ADD21071F9000EC1182 /* ScanView.m */,
				431012E9210F0B1D0081E3E5 /* FocusView.h */,
				431012EA210F0B1D0081E3E5 /* FocusView.m */,
				434332D021007094003CBD89 /* MarkView.h */,
				434332D121007094003CBD89 /* MarkView.m */,
				4368D0CC210093170061629E /* PhotoButton.h */,
				4368D0CD210093170061629E /* PhotoButton.m */,
				4368D0CF2100934D0061629E /* VideoButton.h */,
				4368D0D02100934D0061629E /* VideoButton.m */,
				4368D0D22100937F0061629E /* RewindButton.h */,
				4368D0D32100937F0061629E /* RewindButton.m */,
				4368D0D5210093AD0061629E /* StopButton.h */,
				4368D0D6210093AD0061629E /* StopButton.m */,
				43DB9A30210997CA00741EBD /* SaveButton.h */,
				43DB9A31210997CA00741EBD /* SaveButton.m */,
			);
			path = Views;
			sourceTree = "<group>";
		};
/* End PBXGroup section */

/* Begin PBXNativeTarget section */
		434332B021006ACA003CBD89 /* CustomCamera */ = {
			isa = PBXNativeTarget;
			buildConfigurationList = 434332C721006AD4003CBD89 /* Build configuration list for PBXNativeTarget "CustomCamera" */;
			buildPhases = (
				434332AD21006ACA003CBD89 /* Sources */,
				434332AE21006ACA003CBD89 /* Frameworks */,
				434332AF21006ACA003CBD89 /* Resources */,
			);
			buildRules = (
			);
			dependencies = (
			);
			name = CustomCamera;
			productName = CustomCamera;
			productReference = 434332B121006ACA003CBD89 /* CustomCamera.app */;
			productType = "com.apple.product-type.application";
		};
/* End PBXNativeTarget section */

/* Begin PBXProject section */
		434332A921006ACA003CBD89 /* Project object */ = {
			isa = PBXProject;
			attributes = {
				LastUpgradeCheck = 0940;
				ORGANIZATIONNAME = darkgm;
				TargetAttributes = {
					434332B021006ACA003CBD89 = {
						CreatedOnToolsVersion = 9.4.1;
					};
				};
			};
			buildConfigurationList = 434332AC21006ACA003CBD89 /* Build configuration list for PBXProject "CustomCamera" */;
			compatibilityVersion = "Xcode 9.3";
			developmentRegion = en;
			hasScannedForEncodings = 0;
			knownRegions = (
				en,
				Base,
			);
			mainGroup = 434332A821006ACA003CBD89;
			productRefGroup = 434332B221006ACA003CBD89 /* Products */;
			projectDirPath = "";
			projectRoot = "";
			targets = (
				434332B021006ACA003CBD89 /* CustomCamera */,
			);
		};
/* End PBXProject section */

/* Begin PBXResourcesBuildPhase section */
		434332AF21006ACA003CBD89 /* Resources */ = {
			isa = PBXResourcesBuildPhase;
			buildActionMask = 2147483647;
			files = (
				434332C121006AD4003CBD89 /* LaunchScreen.storyboard in Resources */,
				434332BE21006AD4003CBD89 /* Assets.xcassets in Resources */,
				43DD5ADB210719D800EC1182 /* beep.mp3 in Resources */,
				434332BC21006ACA003CBD89 /* Main.storyboard in Resources */,
			);
			runOnlyForDeploymentPostprocessing = 0;
		};
/* End PBXResourcesBuildPhase section */

/* Begin PBXSourcesBuildPhase section */
		434332AD21006ACA003CBD89 /* Sources */ = {
			isa = PBXSourcesBuildPhase;
			buildActionMask = 2147483647;
			files = (
				43DD1B662101BA2100C3D2FA /* PhotoCaptureDelegate.m in Sources */,
				43FF2D8121041A13004AEFED /* PreviewView.m in Sources */,
				434332C421006AD4003CBD89 /* main.m in Sources */,
				4368D0D7210093AD0061629E /* StopButton.m in Sources */,
				43DD5ADE21071F9000EC1182 /* ScanView.m in Sources */,
				4368D0D12100934D0061629E /* VideoButton.m in Sources */,
				43601D8A21144C8B0043498B /* PlayerView.m in Sources */,
				431398ED2116F9C6007D5FFE /* VideoRecordDelegate.m in Sources */,
				43DB9A32210997CA00741EBD /* SaveButton.m in Sources */,
				4368D0D42100937F0061629E /* RewindButton.m in Sources */,
				434332B621006ACA003CBD89 /* AppDelegate.m in Sources */,
				43DD1B632101B1CF00C3D2FA /* CameraViewController.m in Sources */,
				434332CC21006CAF003CBD89 /* MainViewController.m in Sources */,
				431012EB210F0B1D0081E3E5 /* FocusView.m in Sources */,
				431398F02116F9DD007D5FFE /* QRCodeScanDelegate.m in Sources */,
				4368D0CE210093170061629E /* PhotoButton.m in Sources */,
				434332D221007094003CBD89 /* MarkView.m in Sources */,
			);
			runOnlyForDeploymentPostprocessing = 0;
		};
/* End PBXSourcesBuildPhase section */

/* Begin PBXVariantGroup section */
		434332BA21006ACA003CBD89 /* Main.storyboard */ = {
			isa = PBXVariantGroup;
			children = (
				434332BB21006ACA003CBD89 /* Base */,
			);
			name = Main.storyboard;
			sourceTree = "<group>";
		};
		434332BF21006AD4003CBD89 /* LaunchScreen.storyboard */ = {
			isa = PBXVariantGroup;
			children = (
				434332C021006AD4003CBD89 /* Base */,
			);
			name = LaunchScreen.storyboard;
			sourceTree = "<group>";
		};
/* End PBXVariantGroup section */

/* Begin XCBuildConfiguration section */
		434332C521006AD4003CBD89 /* Debug */ = {
			isa = XCBuildConfiguration;
			buildSettings = {
				ALWAYS_SEARCH_USER_PATHS = NO;
				CLANG_ANALYZER_NONNULL = YES;
				CLANG_ANALYZER_NUMBER_OBJECT_CONVERSION = YES_AGGRESSIVE;
				CLANG_CXX_LANGUAGE_STANDARD = "gnu++14";
				CLANG_CXX_LIBRARY = "libc++";
				CLANG_ENABLE_MODULES = YES;
				CLANG_ENABLE_OBJC_ARC = YES;
				CLANG_ENABLE_OBJC_WEAK = YES;
				CLANG_WARN_BLOCK_CAPTURE_AUTORELEASING = YES;
				CLANG_WARN_BOOL_CONVERSION = YES;
				CLANG_WARN_COMMA = YES;
				CLANG_WARN_CONSTANT_CONVERSION = YES;
				CLANG_WARN_DEPRECATED_OBJC_IMPLEMENTATIONS = YES;
				CLANG_WARN_DIRECT_OBJC_ISA_USAGE = YES_ERROR;
				CLANG_WARN_DOCUMENTATION_COMMENTS = YES;
				CLANG_WARN_EMPTY_BODY = YES;
				CLANG_WARN_ENUM_CONVERSION = YES;
				CLANG_WARN_INFINITE_RECURSION = YES;
				CLANG_WARN_INT_CONVERSION = YES;
				CLANG_WARN_NON_LITERAL_NULL_CONVERSION = YES;
				CLANG_WARN_OBJC_IMPLICIT_RETAIN_SELF = YES;
				CLANG_WARN_OBJC_LITERAL_CONVERSION = YES;
				CLANG_WARN_OBJC_ROOT_CLASS = YES_ERROR;
				CLANG_WARN_RANGE_LOOP_ANALYSIS = YES;
				CLANG_WARN_STRICT_PROTOTYPES = YES;
				CLANG_WARN_SUSPICIOUS_MOVE = YES;
				CLANG_WARN_UNGUARDED_AVAILABILITY = YES_AGGRESSIVE;
				CLANG_WARN_UNREACHABLE_CODE = YES;
				CLANG_WARN__DUPLICATE_METHOD_MATCH = YES;
				CODE_SIGN_IDENTITY = "iPhone Developer";
				COPY_PHASE_STRIP = NO;
				DEBUG_INFORMATION_FORMAT = dwarf;
				ENABLE_STRICT_OBJC_MSGSEND = YES;
				ENABLE_TESTABILITY = YES;
				GCC_C_LANGUAGE_STANDARD = gnu11;
				GCC_DYNAMIC_NO_PIC = NO;
				GCC_NO_COMMON_BLOCKS = YES;
				GCC_OPTIMIZATION_LEVEL = 0;
				GCC_PREPROCESSOR_DEFINITIONS = (
					"DEBUG=1",
					"$(inherited)",
				);
				GCC_WARN_64_TO_32_BIT_CONVERSION = YES;
				GCC_WARN_ABOUT_RETURN_TYPE = YES_ERROR;
				GCC_WARN_UNDECLARED_SELECTOR = YES;
				GCC_WARN_UNINITIALIZED_AUTOS = YES_AGGRESSIVE;
				GCC_WARN_UNUSED_FUNCTION = YES;
				GCC_WARN_UNUSED_VARIABLE = YES;
				IPHONEOS_DEPLOYMENT_TARGET = 11.4;
				MTL_ENABLE_DEBUG_INFO = YES;
				ONLY_ACTIVE_ARCH = YES;
				SDKROOT = iphoneos;
			};
			name = Debug;
		};
		434332C621006AD4003CBD89 /* Release */ = {
			isa = XCBuildConfiguration;
			buildSettings = {
				ALWAYS_SEARCH_USER_PATHS = NO;
				CLANG_ANALYZER_NONNULL = YES;
				CLANG_ANALYZER_NUMBER_OBJECT_CONVERSION = YES_AGGRESSIVE;
				CLANG_CXX_LANGUAGE_STANDARD = "gnu++14";
				CLANG_CXX_LIBRARY = "libc++";
				CLANG_ENABLE_MODULES = YES;
				CLANG_ENABLE_OBJC_ARC = YES;
				CLANG_ENABLE_OBJC_WEAK = YES;
				CLANG_WARN_BLOCK_CAPTURE_AUTORELEASING = YES;
				CLANG_WARN_BOOL_CONVERSION = YES;
				CLANG_WARN_COMMA = YES;
				CLANG_WARN_CONSTANT_CONVERSION = YES;
				CLANG_WARN_DEPRECATED_OBJC_IMPLEMENTATIONS = YES;
				CLANG_WARN_DIRECT_OBJC_ISA_USAGE = YES_ERROR;
				CLANG_WARN_DOCUMENTATION_COMMENTS = YES;
				CLANG_WARN_EMPTY_BODY = YES;
				CLANG_WARN_ENUM_CONVERSION = YES;
				CLANG_WARN_INFINITE_RECURSION = YES;
				CLANG_WARN_INT_CONVERSION = YES;
				CLANG_WARN_NON_LITERAL_NULL_CONVERSION = YES;
				CLANG_WARN_OBJC_IMPLICIT_RETAIN_SELF = YES;
				CLANG_WARN_OBJC_LITERAL_CONVERSION = YES;
				CLANG_WARN_OBJC_ROOT_CLASS = YES_ERROR;
				CLANG_WARN_RANGE_LOOP_ANALYSIS = YES;
				CLANG_WARN_STRICT_PROTOTYPES = YES;
				CLANG_WARN_SUSPICIOUS_MOVE = YES;
				CLANG_WARN_UNGUARDED_AVAILABILITY = YES_AGGRESSIVE;
				CLANG_WARN_UNREACHABLE_CODE = YES;
				CLANG_WARN__DUPLICATE_METHOD_MATCH = YES;
				CODE_SIGN_IDENTITY = "iPhone Developer";
				COPY_PHASE_STRIP = NO;
				DEBUG_INFORMATION_FORMAT = "dwarf-with-dsym";
				ENABLE_NS_ASSERTIONS = NO;
				ENABLE_STRICT_OBJC_MSGSEND = YES;
				GCC_C_LANGUAGE_STANDARD = gnu11;
				GCC_NO_COMMON_BLOCKS = YES;
				GCC_WARN_64_TO_32_BIT_CONVERSION = YES;
				GCC_WARN_ABOUT_RETURN_TYPE = YES_ERROR;
				GCC_WARN_UNDECLARED_SELECTOR = YES;
				GCC_WARN_UNINITIALIZED_AUTOS = YES_AGGRESSIVE;
				GCC_WARN_UNUSED_FUNCTION = YES;
				GCC_WARN_UNUSED_VARIABLE = YES;
				IPHONEOS_DEPLOYMENT_TARGET = 11.4;
				MTL_ENABLE_DEBUG_INFO = NO;
				SDKROOT = iphoneos;
				VALIDATE_PRODUCT = YES;
			};
			name = Release;
		};
		434332C821006AD4003CBD89 /* Debug */ = {
			isa = XCBuildConfiguration;
			buildSettings = {
				ASSETCATALOG_COMPILER_APPICON_NAME = AppIcon;
				CODE_SIGN_STYLE = Automatic;
				DEVELOPMENT_TEAM = 6GTWBXFMR4;
				INFOPLIST_FILE = CustomCamera/Info.plist;
				LD_RUNPATH_SEARCH_PATHS = (
					"$(inherited)",
					"@executable_path/Frameworks",
				);
				PRODUCT_BUNDLE_IDENTIFIER = com.example.CustomCamera.;
				PRODUCT_NAME = "$(TARGET_NAME)";
				TARGETED_DEVICE_FAMILY = "1,2";
			};
			name = Debug;
		};
		434332C921006AD4003CBD89 /* Release */ = {
			isa = XCBuildConfiguration;
			buildSettings = {
				ASSETCATALOG_COMPILER_APPICON_NAME = AppIcon;
				CODE_SIGN_STYLE = Automatic;
				DEVELOPMENT_TEAM = 6GTWBXFMR4;
				INFOPLIST_FILE = CustomCamera/Info.plist;
				LD_RUNPATH_SEARCH_PATHS = (
					"$(inherited)",
					"@executable_path/Frameworks",
				);
				PRODUCT_BUNDLE_IDENTIFIER = com.example.CustomCamera.;
				PRODUCT_NAME = "$(TARGET_NAME)";
				TARGETED_DEVICE_FAMILY = "1,2";
			};
			name = Release;
		};
/* End XCBuildConfiguration section */

/* Begin XCConfigurationList section */
		434332AC21006ACA003CBD89 /* Build configuration list for PBXProject "CustomCamera" */ = {
			isa = XCConfigurationList;
			buildConfigurations = (
				434332C521006AD4003CBD89 /* Debug */,
				434332C621006AD4003CBD89 /* Release */,
			);
			defaultConfigurationIsVisible = 0;
			defaultConfigurationName = Release;
		};
		434332C721006AD4003CBD89 /* Build configuration list for PBXNativeTarget "CustomCamera" */ = {
			isa = XCConfigurationList;
			buildConfigurations = (
				434332C821006AD4003CBD89 /* Debug */,
				434332C921006AD4003CBD89 /* Release */,
			);
			defaultConfigurationIsVisible = 0;
			defaultConfigurationName = Release;
		};
/* End XCConfigurationList section */
	};
	rootObject = 434332A921006ACA003CBD89 /* Project object */;
}
